PODS:
  - Flutter (1.0.0)
  - flutter_pigeon_demo (0.0.1):
    - Flutter

DEPENDENCIES:
  - Flutter (from `Flutter`)
  - flutter_pigeon_demo (from `.symlinks/plugins/flutter_pigeon_demo/ios`)

EXTERNAL SOURCES:
  Flutter:
    :path: Flutter
  flutter_pigeon_demo:
    :path: ".symlinks/plugins/flutter_pigeon_demo/ios"

SPEC CHECKSUMS:
  Flutter: a2315aa92b22423fb158a6d3719191ca21fe3b1b
  flutter_pigeon_demo: b8b7aef9ef98a4dc022cc270ac3f304b40764961

PODFILE CHECKSUM: c34e2287a9ccaa606aeceab922830efb9a6ff69a

COCOAPODS: 1.9.3
